
Microsoft Visual Studio Solution File, Format Version 12.00
Project("{F2A71F9B-5D33-465A-A702-920D77279786}") = "ChapterOne", "ChapterOne\ChapterOne.fsproj", "{99EE1FCC-013D-44BF-BAD1-23B13D7D28FC}"
EndProject
Project("{F2A71F9B-5D33-465A-A702-920D77279786}") = "ChapterTwo", "ChapterTwo\ChapterTwo.fsproj", "{A3CE3B0D-4F8B-4355-9173-47A5C7E7A581}"
EndProject
Global
	GlobalSection(SolutionConfigurationPlatforms) = preSolution
		Debug|Any CPU = Debug|Any CPU
		Release|Any CPU = Release|Any CPU
	EndGlobalSection
	GlobalSection(ProjectConfigurationPlatforms) = postSolution
		{99EE1FCC-013D-44BF-BAD1-23B13D7D28FC}.Debug|Any CPU.ActiveCfg = Debug|Any CPU
		{99EE1FCC-013D-44BF-BAD1-23B13D7D28FC}.Debug|Any CPU.Build.0 = Debug|Any CPU
		{99EE1FCC-013D-44BF-BAD1-23B13D7D28FC}.Release|Any CPU.ActiveCfg = Release|Any CPU
		{99EE1FCC-013D-44BF-BAD1-23B13D7D28FC}.Release|Any CPU.Build.0 = Release|Any CPU
		{A3CE3B0D-4F8B-4355-9173-47A5C7E7A581}.Debug|Any CPU.ActiveCfg = Debug|Any CPU
		{A3CE3B0D-4F8B-4355-9173-47A5C7E7A581}.Debug|Any CPU.Build.0 = Debug|Any CPU
		{A3CE3B0D-4F8B-4355-9173-47A5C7E7A581}.Release|Any CPU.ActiveCfg = Release|Any CPU
		{A3CE3B0D-4F8B-4355-9173-47A5C7E7A581}.Release|Any CPU.Build.0 = Release|Any CPU
	EndGlobalSection
EndGlobal
